// !$*UTF8*$!
{
	archiveVersion = 1;
	classes = {
	};
	objectVersion = 77;
	objects = {

/* Begin PBXContainerItemProxy section */
		C80D57B12F5C28CB00CEE6C8 /* PBXContainerItemProxy */ = {
			isa = PBXContainerItemProxy;
			containerPortal = C80D579B2F5C28C800CEE6C8 /* Project object */;
			proxyType = 1;
			remoteGlobalIDString = C80D57A22F5C28C800CEE6C8;
			remoteInfo = openAIM;
		};
		C80D57BB2F5C28CB00CEE6C8 /* PBXContainerItemProxy */ = {
			isa = PBXContainerItemProxy;
			containerPortal = C80D579B2F5C28C800CEE6C8 /* Project object */;
			proxyType = 1;
			remoteGlobalIDString = C80D57A22F5C28C800CEE6C8;
			remoteInfo = openAIM;
		};
/* End PBXContainerItemProxy section */

/* Begin PBXFileReference section */
		C80D57A32F5C28C800CEE6C8 /* openAIM.app */ = {isa = PBXFileReference; explicitFileType = wrapper.application; includeInIndex = 0; path = openAIM.app; sourceTree = BUILT_PRODUCTS_DIR; };
		C80D57B02F5C28CB00CEE6C8 /* openAIMTests.xctest */ = {isa = PBXFileReference; explicitFileType = wrapper.cfbundle; includeInIndex = 0; path = openAIMTests.xctest; sourceTree = BUILT_PRODUCTS_DIR; };
		C80D57BA2F5C28CB00CEE6C8 /* openAIMUITests.xctest */ = {isa = PBXFileReference; explicitFileType = wrapper.cfbundle; includeInIndex = 0; path = openAIMUITests.xctest; sourceTree = BUILT_PRODUCTS_DIR; };
/* End PBXFileReference section */

/* Begin PBXFileSystemSynchronizedRootGroup section */
		C80D57A52F5C28C800CEE6C8 /* openAIM */ = {
			isa = PBXFileSystemSynchronizedRootGroup;
			path = openAIM;
			sourceTree = "<group>";
		};
		C80D57B32F5C28CB00CEE6C8 /* openAIMTests */ = {
			isa = PBXFileSystemSynchronizedRootGroup;
			path = openAIMTests;
			sourceTree = "<group>";
		};
		C80D57BD2F5C28CB00CEE6C8 /* openAIMUITests */ = {
			isa = PBXFileSystemSynchronizedRootGroup;
			path = openAIMUITests;
			sourceTree = "<group>";
		};
/* End PBXFileSystemSynchronizedRootGroup section */

/* Begin PBXFrameworksBuildPhase section */
		C80D57A02F5C28C800CEE6C8 /* Frameworks */ = {
			isa = PBXFrameworksBuildPhase;
			buildActionMask = 2147483647;
			files = (
			);
			runOnlyForDeploymentPostprocessing = 0;
		};
		C80D57AD2F5C28CB00CEE6C8 /* Frameworks */ = {
			isa = PBXFrameworksBuildPhase;
			buildActionMask = 2147483647;
			files = (
			);
			runOnlyForDeploymentPostprocessing = 0;
		};
		C80D57B72F5C28CB00CEE6C8 /* Frameworks */ = {
			isa = PBXFrameworksBuildPhase;
			buildActionMask = 2147483647;
			files = (
			);
			runOnlyForDeploymentPostprocessing = 0;
		};
/* End PBXFrameworksBuildPhase section */

/* Begin PBXGroup section */
		C80D579A2F5C28C800CEE6C8 = {
			isa = PBXGroup;
			children = (
				C80D57A52F5C28C800CEE6C8 /* openAIM */,
				C80D57B32F5C28CB00CEE6C8 /* openAIMTests */,
				C80D57BD2F5C28CB00CEE6C8 /* openAIMUITests */,
				C80D57A42F5C28C800CEE6C8 /* Products */,
			);
			sourceTree = "<group>";
		};
		C80D57A42F5C28C800CEE6C8 /* Products */ = {
			isa = PBXGroup;
			children = (
				C80D57A32F5C28C800CEE6C8 /* openAIM.app */,
				C80D57B02F5C28CB00CEE6C8 /* openAIMTests.xctest */,
				C80D57BA2F5C28CB00CEE6C8 /* openAIMUITests.xctest */,
			);
			name = Products;
			sourceTree = "<group>";
		};
/* End PBXGroup section */

/* Begin PBXNativeTarget section */
		C80D57A22F5C28C800CEE6C8 /* openAIM */ = {
			isa = PBXNativeTarget;
			buildConfigurationList = C80D57C42F5C28CB00CEE6C8 /* Build configuration list for PBXNativeTarget "openAIM" */;
			buildPhases = (
				C80D579F2F5C28C800CEE6C8 /* Sources */,
				C80D57A02F5C28C800CEE6C8 /* Frameworks */,
				C80D57A12F5C28C800CEE6C8 /* Resources */,
			);
			buildRules = (
			);
			dependencies = (
			);
			fileSystemSynchronizedGroups = (
				C80D57A52F5C28C800CEE6C8 /* openAIM */,
			);
			name = openAIM;
			packageProductDependencies = (
			);
			productName = openAIM;
			productReference = C80D57A32F5C28C800CEE6C8 /* openAIM.app */;
			productType = "com.apple.product-type.application";
		};
		C80D57AF2F5C28CB00CEE6C8 /* openAIMTests */ = {
			isa = PBXNativeTarget;
			buildConfigurationList = C80D57C72F5C28CB00CEE6C8 /* Build configuration list for PBXNativeTarget "openAIMTests" */;
			buildPhases = (
				C80D57AC2F5C28CB00CEE6C8 /* Sources */,
				C80D57AD2F5C28CB00CEE6C8 /* Frameworks */,
				C80D57AE2F5C28CB00CEE6C8 /* Resources */,
			);
			buildRules = (
			);
			dependencies = (
				C80D57B22F5C28CB00CEE6C8 /* PBXTargetDependency */,
			);
			fileSystemSynchronizedGroups = (
				C80D57B32F5C28CB00CEE6C8 /* openAIMTests */,
			);
			name = openAIMTests;
			packageProductDependencies = (
			);
			productName = openAIMTests;
			productReference = C80D57B02F5C28CB00CEE6C8 /* openAIMTests.xctest */;
			productType = "com.apple.product-type.bundle.unit-test";
		};
		C80D57B92F5C28CB00CEE6C8 /* openAIMUITests */ = {
			isa = PBXNativeTarget;
			buildConfigurationList = C80D57CA2F5C28CB00CEE6C8 /* Build configuration list for PBXNativeTarget "openAIMUITests" */;
			buildPhases = (
				C80D57B62F5C28CB00CEE6C8 /* Sources */,
				C80D57B72F5C28CB00CEE6C8 /* Frameworks */,
				C80D57B82F5C28CB00CEE6C8 /* Resources */,
			);
			buildRules = (
			);
			dependencies = (
				C80D57BC2F5C28CB00CEE6C8 /* PBXTargetDependency */,
			);
			fileSystemSynchronizedGroups = (
				C80D57BD2F5C28CB00CEE6C8 /* openAIMUITests */,
			);
			name = openAIMUITests;
			packageProductDependencies = (
			);
			productName = openAIMUITests;
			productReference = C80D57BA2F5C28CB00CEE6C8 /* openAIMUITests.xctest */;
			productType = "com.apple.product-type.bundle.ui-testing";
		};
/* End PBXNativeTarget section */

/* Begin PBXProject section */
		C80D579B2F5C28C800CEE6C8 /* Project object */ = {
			isa = PBXProject;
			attributes = {
				BuildIndependentTargetsInParallel = 1;
				LastSwiftUpdateCheck = 2630;
				LastUpgradeCheck = 2630;
				TargetAttributes = {
					C80D57A22F5C28C800CEE6C8 = {
						CreatedOnToolsVersion = 26.3;
					};
					C80D57AF2F5C28CB00CEE6C8 = {
						CreatedOnToolsVersion = 26.3;
						TestTargetID = C80D57A22F5C28C800CEE6C8;
					};
					C80D57B92F5C28CB00CEE6C8 = {
						CreatedOnToolsVersion = 26.3;
						TestTargetID = C80D57A22F5C28C800CEE6C8;
					};
				};
			};
			buildConfigurationList = C80D579E2F5C28C800CEE6C8 /* Build configuration list for PBXProject "openAIM" */;
			developmentRegion = en;
			hasScannedForEncodings = 0;
			knownRegions = (
				en,
				Base,
			);
			mainGroup = C80D579A2F5C28C800CEE6C8;
			minimizedProjectReferenceProxies = 1;
			preferredProjectObjectVersion = 77;
			productRefGroup = C80D57A42F5C28C800CEE6C8 /* Products */;
			projectDirPath = "";
			projectRoot = "";
			targets = (
				C80D57A22F5C28C800CEE6C8 /* openAIM */,
				C80D57AF2F5C28CB00CEE6C8 /* openAIMTests */,
				C80D57B92F5C28CB00CEE6C8 /* openAIMUITests */,
			);
		};
/* End PBXProject section */

/* Begin PBXResourcesBuildPhase section */
		C80D57A12F5C28C800CEE6C8 /* Resources */ = {
			isa = PBXResourcesBuildPhase;
			buildActionMask = 2147483647;
			files = (
			);
			runOnlyForDeploymentPostprocessing = 0;
		};
		C80D57AE2F5C28CB00CEE6C8 /* Resources */ = {
			isa = PBXResourcesBuildPhase;
			buildActionMask = 2147483647;
			files = (
			);
			runOnlyForDeploymentPostprocessing = 0;
		};
		C80D57B82F5C28CB00CEE6C8 /* Resources */ = {
			isa = PBXResourcesBuildPhase;
			buildActionMask = 2147483647;
			files = (
			);
			runOnlyForDeploymentPostprocessing = 0;
		};
/* End PBXResourcesBuildPhase section */

/* Begin PBXSourcesBuildPhase section */
		C80D579F2F5C28C800CEE6C8 /* Sources */ = {
			isa = PBXSourcesBuildPhase;
			buildActionMask = 2147483647;
			files = (
			);
			runOnlyForDeploymentPostprocessing = 0;
		};
		C80D57AC2F5C28CB00CEE6C8 /* Sources */ = {
			isa = PBXSourcesBuildPhase;
			buildActionMask = 2147483647;
			files = (
			);
			runOnlyForDeploymentPostprocessing = 0;
		};
		C80D57B62F5C28CB00CEE6C8 /* Sources */ = {
			isa = PBXSourcesBuildPhase;
			buildActionMask = 2147483647;
			files = (
			);
			runOnlyForDeploymentPostprocessing = 0;
		};
/* End PBXSourcesBuildPhase section */

/* Begin PBXTargetDependency section */
		C80D57B22F5C28CB00CEE6C8 /* PBXTargetDependency */ = {
			isa = PBXTargetDependency;
			target = C80D57A22F5C28C800CEE6C8 /* openAIM */;
			targetProxy = C80D57B12F5C28CB00CEE6C8 /* PBXContainerItemProxy */;
		};
		C80D57BC2F5C28CB00CEE6C8 /* PBXTargetDependency */ = {
			isa = PBXTargetDependency;
			target = C80D57A22F5C28C800CEE6C8 /* openAIM */;
			targetProxy = C80D57BB2F5C28CB00CEE6C8 /* PBXContainerItemProxy */;
		};
/* End PBXTargetDependency section */

/* Begin XCBuildConfiguration section */
		C80D57C22F5C28CB00CEE6C8 /* Debug */ = {
			isa = XCBuildConfiguration;
			buildSettings = {
				ALWAYS_SEARCH_USER_PATHS = NO;
				ASSETCATALOG_COMPILER_GENERATE_SWIFT_ASSET_SYMBOL_EXTENSIONS = YES;
				CLANG_ANALYZER_NONNULL = YES;
				CLANG_ANALYZER_NUMBER_OBJECT_CONVERSION = YES_AGGRESSIVE;
				CLANG_CXX_LANGUAGE_STANDARD = "gnu++20";
				CLANG_ENABLE_MODULES = YES;
				CLANG_ENABLE_OBJC_ARC = YES;
				CLANG_ENABLE_OBJC_WEAK = YES;
				CLANG_WARN_BLOCK_CAPTURE_AUTORELEASING = YES;
				CLANG_WARN_BOOL_CONVERSION = YES;
				CLANG_WARN_COMMA = YES;
				CLANG_WARN_CONSTANT_CONVERSION = YES;
				CLANG_WARN_DEPRECATED_OBJC_IMPLEMENTATIONS = YES;
				CLANG_WARN_DIRECT_OBJC_ISA_USAGE = YES_ERROR;
				CLANG_WARN_DOCUMENTATION_COMMENTS = YES;
				CLANG_WARN_EMPTY_BODY = YES;
				CLANG_WARN_ENUM_CONVERSION = YES;
				CLANG_WARN_INFINITE_RECURSION = YES;
				CLANG_WARN_INT_CONVERSION = YES;
				CLANG_WARN_NON_LITERAL_NULL_CONVERSION = YES;
				CLANG_WARN_OBJC_IMPLICIT_RETAIN_SELF = YES;
				CLANG_WARN_OBJC_LITERAL_CONVERSION = YES;
				CLANG_WARN_OBJC_ROOT_CLASS = YES_ERROR;
				CLANG_WARN_QUOTED_INCLUDE_IN_FRAMEWORK_HEADER = YES;
				CLANG_WARN_RANGE_LOOP_ANALYSIS = YES;
				CLANG_WARN_STRICT_PROTOTYPES = YES;
				CLANG_WARN_SUSPICIOUS_MOVE = YES;
				CLANG_WARN_UNGUARDED_AVAILABILITY = YES_AGGRESSIVE;
				CLANG_WARN_UNREACHABLE_CODE = YES;
				CLANG_WARN__DUPLICATE_METHOD_MATCH = YES;
				COPY_PHASE_STRIP = NO;
				DEBUG_INFORMATION_FORMAT = dwarf;
				DEVELOPMENT_TEAM = SAVN549Y8H;
				ENABLE_STRICT_OBJC_MSGSEND = YES;
				ENABLE_TESTABILITY = YES;
				ENABLE_USER_SCRIPT_SANDBOXING = YES;
				GCC_C_LANGUAGE_STANDARD = gnu17;
				GCC_DYNAMIC_NO_PIC = NO;
				GCC_NO_COMMON_BLOCKS = YES;
				GCC_OPTIMIZATION_LEVEL = 0;
				GCC_PREPROCESSOR_DEFINITIONS = (
					"DEBUG=1",
					"$(inherited)",
				);
				GCC_WARN_64_TO_32_BIT_CONVERSION = YES;
				GCC_WARN_ABOUT_RETURN_TYPE = YES_ERROR;
				GCC_WARN_UNDECLARED_SELECTOR = YES;
				GCC_WARN_UNINITIALIZED_AUTOS = YES_AGGRESSIVE;
				GCC_WARN_UNUSED_FUNCTION = YES;
				GCC_WARN_UNUSED_VARIABLE = YES;
				LOCALIZATION_PREFERS_STRING_CATALOGS = YES;
				MACOSX_DEPLOYMENT_TARGET = 26.2;
				MTL_ENABLE_DEBUG_INFO = INCLUDE_SOURCE;
				MTL_FAST_MATH = YES;
				ONLY_ACTIVE_ARCH = YES;
				SDKROOT = macosx;
				SWIFT_ACTIVE_COMPILATION_CONDITIONS = "DEBUG $(inherited)";
				SWIFT_OPTIMIZATION_LEVEL = "-Onone";
			};
			name = Debug;
		};
		C80D57C32F5C28CB00CEE6C8 /* Release */ = {
			isa = XCBuildConfiguration;
			buildSettings = {
				ALWAYS_SEARCH_USER_PATHS = NO;
				ASSETCATALOG_COMPILER_GENERATE_SWIFT_ASSET_SYMBOL_EXTENSIONS = YES;
				CLANG_ANALYZER_NONNULL = YES;
				CLANG_ANALYZER_NUMBER_OBJECT_CONVERSION = YES_AGGRESSIVE;
				CLANG_CXX_LANGUAGE_STANDARD = "gnu++20";
				CLANG_ENABLE_MODULES = YES;
				CLANG_ENABLE_OBJC_ARC = YES;
				CLANG_ENABLE_OBJC_WEAK = YES;
				CLANG_WARN_BLOCK_CAPTURE_AUTORELEASING = YES;
				CLANG_WARN_BOOL_CONVERSION = YES;
				CLANG_WARN_COMMA = YES;
				CLANG_WARN_CONSTANT_CONVERSION = YES;
				CLANG_WARN_DEPRECATED_OBJC_IMPLEMENTATIONS = YES;
				CLANG_WARN_DIRECT_OBJC_ISA_USAGE = YES_ERROR;
				CLANG_WARN_DOCUMENTATION_COMMENTS = YES;
				CLANG_WARN_EMPTY_BODY = YES;
				CLANG_WARN_ENUM_CONVERSION = YES;
				CLANG_WARN_INFINITE_RECURSION = YES;
				CLANG_WARN_INT_CONVERSION = YES;
				CLANG_WARN_NON_LITERAL_NULL_CONVERSION = YES;
				CLANG_WARN_OBJC_IMPLICIT_RETAIN_SELF = YES;
				CLANG_WARN_OBJC_LITERAL_CONVERSION = YES;
				CLANG_WARN_OBJC_ROOT_CLASS = YES_ERROR;
				CLANG_WARN_QUOTED_INCLUDE_IN_FRAMEWORK_HEADER = YES;
				CLANG_WARN_RANGE_LOOP_ANALYSIS = YES;
				CLANG_WARN_STRICT_PROTOTYPES = YES;
				CLANG_WARN_SUSPICIOUS_MOVE = YES;
				CLANG_WARN_UNGUARDED_AVAILABILITY = YES_AGGRESSIVE;
				CLANG_WARN_UNREACHABLE_CODE = YES;
				CLANG_WARN__DUPLICATE_METHOD_MATCH = YES;
				COPY_PHASE_STRIP = NO;
				DEBUG_INFORMATION_FORMAT = "dwarf-with-dsym";
				DEVELOPMENT_TEAM = SAVN549Y8H;
				ENABLE_NS_ASSERTIONS = NO;
				ENABLE_STRICT_OBJC_MSGSEND = YES;
				ENABLE_USER_SCRIPT_SANDBOXING = YES;
				GCC_C_LANGUAGE_STANDARD = gnu17;
				GCC_NO_COMMON_BLOCKS = YES;
				GCC_WARN_64_TO_32_BIT_CONVERSION = YES;
				GCC_WARN_ABOUT_RETURN_TYPE = YES_ERROR;
				GCC_WARN_UNDECLARED_SELECTOR = YES;
				GCC_WARN_UNINITIALIZED_AUTOS = YES_AGGRESSIVE;
				GCC_WARN_UNUSED_FUNCTION = YES;
				GCC_WARN_UNUSED_VARIABLE = YES;
				LOCALIZATION_PREFERS_STRING_CATALOGS = YES;
				MACOSX_DEPLOYMENT_TARGET = 26.2;
				MTL_ENABLE_DEBUG_INFO = NO;
				MTL_FAST_MATH = YES;
				SDKROOT = macosx;
				SWIFT_COMPILATION_MODE = wholemodule;
			};
			name = Release;
		};
		C80D57C52F5C28CB00CEE6C8 /* Debug */ = {
			isa = XCBuildConfiguration;
			buildSettings = {
				ASSETCATALOG_COMPILER_APPICON_NAME = AppIcon;
				ASSETCATALOG_COMPILER_GLOBAL_ACCENT_COLOR_NAME = AccentColor;
				CODE_SIGN_ENTITLEMENTS = openAIM/openAIM.entitlements;
				CODE_SIGN_STYLE = Automatic;
				COMBINE_HIDPI_IMAGES = YES;
				CURRENT_PROJECT_VERSION = 1;
				DEVELOPMENT_TEAM = SAVN549Y8H;
				ENABLE_APP_SANDBOX = NO;
				ENABLE_HARDENED_RUNTIME = YES;
				ENABLE_PREVIEWS = YES;
				ENABLE_USER_SELECTED_FILES = readonly;
				GENERATE_INFOPLIST_FILE = YES;
				INFOPLIST_KEY_NSHumanReadableCopyright = "";
				LD_RUNPATH_SEARCH_PATHS = (
					"$(inherited)",
					"@executable_path/../Frameworks",
				);
				MARKETING_VERSION = 1.0;
				PRODUCT_BUNDLE_IDENTIFIER = com.slioner.mgarden.openAIM;
				PRODUCT_NAME = "$(TARGET_NAME)";
				REGISTER_APP_GROUPS = YES;
				STRING_CATALOG_GENERATE_SYMBOLS = YES;
				SWIFT_APPROACHABLE_CONCURRENCY = YES;
				SWIFT_DEFAULT_ACTOR_ISOLATION = MainActor;
				SWIFT_EMIT_LOC_STRINGS = YES;
				SWIFT_UPCOMING_FEATURE_MEMBER_IMPORT_VISIBILITY = YES;
				SWIFT_VERSION = 5.0;
			};
			name = Debug;
		};
		C80D57C62F5C28CB00CEE6C8 /* Release */ = {
			isa = XCBuildConfiguration;
			buildSettings = {
				ASSETCATALOG_COMPILER_APPICON_NAME = AppIcon;
				ASSETCATALOG_COMPILER_GLOBAL_ACCENT_COLOR_NAME = AccentColor;
				CODE_SIGN_ENTITLEMENTS = openAIM/openAIM.entitlements;
				CODE_SIGN_STYLE = Automatic;
				COMBINE_HIDPI_IMAGES = YES;
				CURRENT_PROJECT_VERSION = 1;
				DEVELOPMENT_TEAM = SAVN549Y8H;
				ENABLE_APP_SANDBOX = NO;
				ENABLE_HARDENED_RUNTIME = YES;
				ENABLE_PREVIEWS = YES;
				ENABLE_USER_SELECTED_FILES = readonly;
				GENERATE_INFOPLIST_FILE = YES;
				INFOPLIST_KEY_NSHumanReadableCopyright = "";
				LD_RUNPATH_SEARCH_PATHS = (
					"$(inherited)",
					"@executable_path/../Frameworks",
				);
				MARKETING_VERSION = 1.0;
				PRODUCT_BUNDLE_IDENTIFIER = com.slioner.mgarden.openAIM;
				PRODUCT_NAME = "$(TARGET_NAME)";
				REGISTER_APP_GROUPS = YES;
				STRING_CATALOG_GENERATE_SYMBOLS = YES;
				SWIFT_APPROACHABLE_CONCURRENCY = YES;
				SWIFT_DEFAULT_ACTOR_ISOLATION = MainActor;
				SWIFT_EMIT_LOC_STRINGS = YES;
				SWIFT_UPCOMING_FEATURE_MEMBER_IMPORT_VISIBILITY = YES;
				SWIFT_VERSION = 5.0;
			};
			name = Release;
		};
		C80D57C82F5C28CB00CEE6C8 /* Debug */ = {
			isa = XCBuildConfiguration;
			buildSettings = {
				BUNDLE_LOADER = "$(TEST_HOST)";
				CODE_SIGN_STYLE = Automatic;
				CURRENT_PROJECT_VERSION = 1;
				DEVELOPMENT_TEAM = SAVN549Y8H;
				GENERATE_INFOPLIST_FILE = YES;
				MACOSX_DEPLOYMENT_TARGET = 26.2;
				MARKETING_VERSION = 1.0;
				PRODUCT_BUNDLE_IDENTIFIER = com.slioner.mgarden.openAIMTests;
				PRODUCT_NAME = "$(TARGET_NAME)";
				STRING_CATALOG_GENERATE_SYMBOLS = NO;
				SWIFT_APPROACHABLE_CONCURRENCY = YES;
				SWIFT_EMIT_LOC_STRINGS = NO;
				SWIFT_UPCOMING_FEATURE_MEMBER_IMPORT_VISIBILITY = YES;
				SWIFT_VERSION = 5.0;
				TEST_HOST = "$(BUILT_PRODUCTS_DIR)/openAIM.app/$(BUNDLE_EXECUTABLE_FOLDER_PATH)/openAIM";
			};
			name = Debug;
		};
		C80D57C92F5C28CB00CEE6C8 /* Release */ = {
			isa = XCBuildConfiguration;
			buildSettings = {
				BUNDLE_LOADER = "$(TEST_HOST)";
				CODE_SIGN_STYLE = Automatic;
				CURRENT_PROJECT_VERSION = 1;
				DEVELOPMENT_TEAM = SAVN549Y8H;
				GENERATE_INFOPLIST_FILE = YES;
				MACOSX_DEPLOYMENT_TARGET = 26.2;
				MARKETING_VERSION = 1.0;
				PRODUCT_BUNDLE_IDENTIFIER = com.slioner.mgarden.openAIMTests;
				PRODUCT_NAME = "$(TARGET_NAME)";
				STRING_CATALOG_GENERATE_SYMBOLS = NO;
				SWIFT_APPROACHABLE_CONCURRENCY = YES;
				SWIFT_EMIT_LOC_STRINGS = NO;
				SWIFT_UPCOMING_FEATURE_MEMBER_IMPORT_VISIBILITY = YES;
				SWIFT_VERSION = 5.0;
				TEST_HOST = "$(BUILT_PRODUCTS_DIR)/openAIM.app/$(BUNDLE_EXECUTABLE_FOLDER_PATH)/openAIM";
			};
			name = Release;
		};
		C80D57CB2F5C28CB00CEE6C8 /* Debug */ = {
			isa = XCBuildConfiguration;
			buildSettings = {
				CODE_SIGN_STYLE = Automatic;
				CURRENT_PROJECT_VERSION = 1;
				DEVELOPMENT_TEAM = SAVN549Y8H;
				GENERATE_INFOPLIST_FILE = YES;
				MARKETING_VERSION = 1.0;
				PRODUCT_BUNDLE_IDENTIFIER = com.slioner.mgarden.openAIMUITests;
				PRODUCT_NAME = "$(TARGET_NAME)";
				STRING_CATALOG_GENERATE_SYMBOLS = NO;
				SWIFT_APPROACHABLE_CONCURRENCY = YES;
				SWIFT_EMIT_LOC_STRINGS = NO;
				SWIFT_UPCOMING_FEATURE_MEMBER_IMPORT_VISIBILITY = YES;
				SWIFT_VERSION = 5.0;
				TEST_TARGET_NAME = openAIM;
			};
			name = Debug;
		};
		C80D57CC2F5C28CB00CEE6C8 /* Release */ = {
			isa = XCBuildConfiguration;
			buildSettings = {
				CODE_SIGN_STYLE = Automatic;
				CURRENT_PROJECT_VERSION = 1;
				DEVELOPMENT_TEAM = SAVN549Y8H;
				GENERATE_INFOPLIST_FILE = YES;
				MARKETING_VERSION = 1.0;
				PRODUCT_BUNDLE_IDENTIFIER = com.slioner.mgarden.openAIMUITests;
				PRODUCT_NAME = "$(TARGET_NAME)";
				STRING_CATALOG_GENERATE_SYMBOLS = NO;
				SWIFT_APPROACHABLE_CONCURRENCY = YES;
				SWIFT_EMIT_LOC_STRINGS = NO;
				SWIFT_UPCOMING_FEATURE_MEMBER_IMPORT_VISIBILITY = YES;
				SWIFT_VERSION = 5.0;
				TEST_TARGET_NAME = openAIM;
			};
			name = Release;
		};
/* End XCBuildConfiguration section */

/* Begin XCConfigurationList section */
		C80D579E2F5C28C800CEE6C8 /* Build configuration list for PBXProject "openAIM" */ = {
			isa = XCConfigurationList;
			buildConfigurations = (
				C80D57C22F5C28CB00CEE6C8 /* Debug */,
				C80D57C32F5C28CB00CEE6C8 /* Release */,
			);
			defaultConfigurationIsVisible = 0;
			defaultConfigurationName = Release;
		};
		C80D57C42F5C28CB00CEE6C8 /* Build configuration list for PBXNativeTarget "openAIM" */ = {
			isa = XCConfigurationList;
			buildConfigurations = (
				C80D57C52F5C28CB00CEE6C8 /* Debug */,
				C80D57C62F5C28CB00CEE6C8 /* Release */,
			);
			defaultConfigurationIsVisible = 0;
			defaultConfigurationName = Release;
		};
		C80D57C72F5C28CB00CEE6C8 /* Build configuration list for PBXNativeTarget "openAIMTests" */ = {
			isa = XCConfigurationList;
			buildConfigurations = (
				C80D57C82F5C28CB00CEE6C8 /* Debug */,
				C80D57C92F5C28CB00CEE6C8 /* Release */,
			);
			defaultConfigurationIsVisible = 0;
			defaultConfigurationName = Release;
		};
		C80D57CA2F5C28CB00CEE6C8 /* Build configuration list for PBXNativeTarget "openAIMUITests" */ = {
			isa = XCConfigurationList;
			buildConfigurations = (
				C80D57CB2F5C28CB00CEE6C8 /* Debug */,
				C80D57CC2F5C28CB00CEE6C8 /* Release */,
			);
			defaultConfigurationIsVisible = 0;
			defaultConfigurationName = Release;
		};
/* End XCConfigurationList section */
	};
	rootObject = C80D579B2F5C28C800CEE6C8 /* Project object */;
}
